// !$*UTF8*$!
{
	archiveVersion = 1;
	classes = {
	};
	objectVersion = 56;
	objects = {

/* Begin PBXBuildFile section */
		A1000001 /* LaunchManagerApp.swift in Sources */ = {isa = PBXBuildFile; fileRef = A2000001; };
		A1000002 /* ContentView.swift in Sources */ = {isa = PBXBuildFile; fileRef = A2000002; };
		A1000003 /* Assets.xcassets in Resources */ = {isa = PBXBuildFile; fileRef = A2000003; };
		A1000004 /* ServiceManager.swift in Sources */ = {isa = PBXBuildFile; fileRef = A2000004; };
		A1000005 /* LaunchdService.swift in Sources */ = {isa = PBXBuildFile; fileRef = A2000005; };
		A1000006 /* ServiceListView.swift in Sources */ = {isa = PBXBuildFile; fileRef = A2000006; };
		A1000007 /* ServiceDetailView.swift in Sources */ = {isa = PBXBuildFile; fileRef = A2000007; };
		A1000008 /* SidebarView.swift in Sources */ = {isa = PBXBuildFile; fileRef = A2000008; };
		A1000009 /* PlistEditorView.swift in Sources */ = {isa = PBXBuildFile; fileRef = A2000009; };
		A1000010 /* CreateServiceView.swift in Sources */ = {isa = PBXBuildFile; fileRef = A2000010; };
		A1000011 /* LogViewerView.swift in Sources */ = {isa = PBXBuildFile; fileRef = A2000011; };
		A1000012 /* PrivilegedHelper.swift in Sources */ = {isa = PBXBuildFile; fileRef = A2000012; };
		A1000013 /* ServiceDomain.swift in Sources */ = {isa = PBXBuildFile; fileRef = A2000013; };
		A1000014 /* SettingsView.swift in Sources */ = {isa = PBXBuildFile; fileRef = A2000014; };
		A1000015 /* SearchBar.swift in Sources */ = {isa = PBXBuildFile; fileRef = A2000015; };
		A1000016 /* ServiceStatusBadge.swift in Sources */ = {isa = PBXBuildFile; fileRef = A2000016; };
/* End PBXBuildFile section */

/* Begin PBXFileReference section */
		A2000001 /* LaunchManagerApp.swift */ = {isa = PBXFileReference; lastKnownFileType = sourcecode.swift; path = LaunchManagerApp.swift; sourceTree = "<group>"; };
		A2000002 /* ContentView.swift */ = {isa = PBXFileReference; lastKnownFileType = sourcecode.swift; path = ContentView.swift; sourceTree = "<group>"; };
		A2000003 /* Assets.xcassets */ = {isa = PBXFileReference; lastKnownFileType = folder.assetcatalog; path = Assets.xcassets; sourceTree = "<group>"; };
		A2000004 /* ServiceManager.swift */ = {isa = PBXFileReference; lastKnownFileType = sourcecode.swift; path = ServiceManager.swift; sourceTree = "<group>"; };
		A2000005 /* LaunchdService.swift */ = {isa = PBXFileReference; lastKnownFileType = sourcecode.swift; path = LaunchdService.swift; sourceTree = "<group>"; };
		A2000006 /* ServiceListView.swift */ = {isa = PBXFileReference; lastKnownFileType = sourcecode.swift; path = ServiceListView.swift; sourceTree = "<group>"; };
		A2000007 /* ServiceDetailView.swift */ = {isa = PBXFileReference; lastKnownFileType = sourcecode.swift; path = ServiceDetailView.swift; sourceTree = "<group>"; };
		A2000008 /* SidebarView.swift */ = {isa = PBXFileReference; lastKnownFileType = sourcecode.swift; path = SidebarView.swift; sourceTree = "<group>"; };
		A2000009 /* PlistEditorView.swift */ = {isa = PBXFileReference; lastKnownFileType = sourcecode.swift; path = PlistEditorView.swift; sourceTree = "<group>"; };
		A2000010 /* CreateServiceView.swift */ = {isa = PBXFileReference; lastKnownFileType = sourcecode.swift; path = CreateServiceView.swift; sourceTree = "<group>"; };
		A2000011 /* LogViewerView.swift */ = {isa = PBXFileReference; lastKnownFileType = sourcecode.swift; path = LogViewerView.swift; sourceTree = "<group>"; };
		A2000012 /* PrivilegedHelper.swift */ = {isa = PBXFileReference; lastKnownFileType = sourcecode.swift; path = PrivilegedHelper.swift; sourceTree = "<group>"; };
		A2000013 /* ServiceDomain.swift */ = {isa = PBXFileReference; lastKnownFileType = sourcecode.swift; path = ServiceDomain.swift; sourceTree = "<group>"; };
		A2000014 /* SettingsView.swift */ = {isa = PBXFileReference; lastKnownFileType = sourcecode.swift; path = SettingsView.swift; sourceTree = "<group>"; };
		A2000015 /* SearchBar.swift */ = {isa = PBXFileReference; lastKnownFileType = sourcecode.swift; path = SearchBar.swift; sourceTree = "<group>"; };
		A2000016 /* ServiceStatusBadge.swift */ = {isa = PBXFileReference; lastKnownFileType = sourcecode.swift; path = ServiceStatusBadge.swift; sourceTree = "<group>"; };
		A3000001 /* LaunchManager.app */ = {isa = PBXFileReference; explicitFileType = wrapper.application; includeInIndex = 0; path = LaunchManager.app; sourceTree = BUILT_PRODUCTS_DIR; };
		A3000002 /* LaunchManager.entitlements */ = {isa = PBXFileReference; lastKnownFileType = text.plist.entitlements; path = LaunchManager.entitlements; sourceTree = "<group>"; };
/* End PBXFileReference section */

/* Begin PBXFrameworksBuildPhase section */
		A4000001 /* Frameworks */ = {
			isa = PBXFrameworksBuildPhase;
			buildActionMask = 2147483647;
			files = (
			);
			runOnlyForDeploymentPostprocessing = 0;
		};
/* End PBXFrameworksBuildPhase section */

/* Begin PBXGroup section */
		A5000001 = {
			isa = PBXGroup;
			children = (
				A5000002 /* LaunchManager */,
				A5000005 /* Products */,
			);
			sourceTree = "<group>";
		};
		A5000002 /* LaunchManager */ = {
			isa = PBXGroup;
			children = (
				A2000001 /* LaunchManagerApp.swift */,
				A2000002 /* ContentView.swift */,
				A5000003 /* Models */,
				A5000004 /* Views */,
				A5000006 /* Services */,
				A2000003 /* Assets.xcassets */,
				A3000002 /* LaunchManager.entitlements */,
			);
			path = LaunchManager;
			sourceTree = "<group>";
		};
		A5000003 /* Models */ = {
			isa = PBXGroup;
			children = (
				A2000005 /* LaunchdService.swift */,
				A2000013 /* ServiceDomain.swift */,
			);
			path = Models;
			sourceTree = "<group>";
		};
		A5000004 /* Views */ = {
			isa = PBXGroup;
			children = (
				A2000006 /* ServiceListView.swift */,
				A2000007 /* ServiceDetailView.swift */,
				A2000008 /* SidebarView.swift */,
				A2000009 /* PlistEditorView.swift */,
				A2000010 /* CreateServiceView.swift */,
				A2000011 /* LogViewerView.swift */,
				A2000014 /* SettingsView.swift */,
				A2000015 /* SearchBar.swift */,
				A2000016 /* ServiceStatusBadge.swift */,
			);
			path = Views;
			sourceTree = "<group>";
		};
		A5000005 /* Products */ = {
			isa = PBXGroup;
			children = (
				A3000001 /* LaunchManager.app */,
			);
			name = Products;
			sourceTree = "<group>";
		};
		A5000006 /* Services */ = {
			isa = PBXGroup;
			children = (
				A2000004 /* ServiceManager.swift */,
				A2000012 /* PrivilegedHelper.swift */,
			);
			path = Services;
			sourceTree = "<group>";
		};
/* End PBXGroup section */

/* Begin PBXNativeTarget section */
		A6000001 /* LaunchManager */ = {
			isa = PBXNativeTarget;
			buildConfigurationList = A8000003;
			buildPhases = (
				A7000001 /* Sources */,
				A4000001 /* Frameworks */,
				A7000002 /* Resources */,
			);
			buildRules = (
			);
			dependencies = (
			);
			name = LaunchManager;
			productName = LaunchManager;
			productReference = A3000001;
			productType = "com.apple.product-type.application";
		};
/* End PBXNativeTarget section */

/* Begin PBXProject section */
		A9000001 /* Project object */ = {
			isa = PBXProject;
			attributes = {
				BuildIndependentTargetsInParallel = 1;
				LastSwiftUpdateCheck = 1540;
				LastUpgradeCheck = 1540;
				TargetAttributes = {
					A6000001 = {
						CreatedOnToolsVersion = 15.4;
					};
				};
			};
			buildConfigurationList = A8000001;
			compatibilityVersion = "Xcode 14.0";
			developmentRegion = en;
			hasScannedForEncodings = 0;
			knownRegions = (
				en,
				Base,
			);
			mainGroup = A5000001;
			productRefGroup = A5000005;
			projectDirPath = "";
			projectRoot = "";
			targets = (
				A6000001 /* LaunchManager */,
			);
		};
/* End PBXProject section */

/* Begin PBXResourcesBuildPhase section */
		A7000002 /* Resources */ = {
			isa = PBXResourcesBuildPhase;
			buildActionMask = 2147483647;
			files = (
				A1000003 /* Assets.xcassets in Resources */,
			);
			runOnlyForDeploymentPostprocessing = 0;
		};
/* End PBXResourcesBuildPhase section */

/* Begin PBXSourcesBuildPhase section */
		A7000001 /* Sources */ = {
			isa = PBXSourcesBuildPhase;
			buildActionMask = 2147483647;
			files = (
				A1000001 /* LaunchManagerApp.swift in Sources */,
				A1000002 /* ContentView.swift in Sources */,
				A1000004 /* ServiceManager.swift in Sources */,
				A1000005 /* LaunchdService.swift in Sources */,
				A1000006 /* ServiceListView.swift in Sources */,
				A1000007 /* ServiceDetailView.swift in Sources */,
				A1000008 /* SidebarView.swift in Sources */,
				A1000009 /* PlistEditorView.swift in Sources */,
				A1000010 /* CreateServiceView.swift in Sources */,
				A1000011 /* LogViewerView.swift in Sources */,
				A1000012 /* PrivilegedHelper.swift in Sources */,
				A1000013 /* ServiceDomain.swift in Sources */,
				A1000014 /* SettingsView.swift in Sources */,
				A1000015 /* SearchBar.swift in Sources */,
				A1000016 /* ServiceStatusBadge.swift in Sources */,
			);
			runOnlyForDeploymentPostprocessing = 0;
		};
/* End PBXSourcesBuildPhase section */

/* Begin XCBuildConfiguration section */
		A8000004 /* Debug */ = {
			isa = XCBuildConfiguration;
			buildSettings = {
				ALWAYS_SEARCH_USER_PATHS = NO;
				ASSETCATALOG_COMPILER_GENERATE_SWIFT_ASSET_SYMBOL_EXTENSIONS = YES;
				CLANG_ANALYZER_NONNULL = YES;
				CLANG_CXX_LANGUAGE_STANDARD = "gnu++20";
				CLANG_ENABLE_MODULES = YES;
				CLANG_ENABLE_OBJC_ARC = YES;
				COPY_PHASE_STRIP = NO;
				DEBUG_INFORMATION_FORMAT = dwarf;
				ENABLE_STRICT_OBJC_MSGSEND = YES;
				ENABLE_TESTABILITY = YES;
				GCC_DYNAMIC_NO_PIC = NO;
				GCC_OPTIMIZATION_LEVEL = 0;
				GCC_WARN_ABOUT_RETURN_TYPE = YES_ERROR;
				GCC_WARN_UNINITIALIZED_AUTOS = YES_AGGRESSIVE;
				MACOSX_DEPLOYMENT_TARGET = 14.0;
				MTL_ENABLE_DEBUG_INFO = INCLUDE_SOURCE;
				ONLY_ACTIVE_ARCH = YES;
				SDKROOT = macosx;
				SWIFT_ACTIVE_COMPILATION_CONDITIONS = "DEBUG $(inherited)";
				SWIFT_OPTIMIZATION_LEVEL = "-Onone";
			};
			name = Debug;
		};
		A8000005 /* Release */ = {
			isa = XCBuildConfiguration;
			buildSettings = {
				ALWAYS_SEARCH_USER_PATHS = NO;
				ASSETCATALOG_COMPILER_GENERATE_SWIFT_ASSET_SYMBOL_EXTENSIONS = YES;
				CLANG_ANALYZER_NONNULL = YES;
				CLANG_CXX_LANGUAGE_STANDARD = "gnu++20";
				CLANG_ENABLE_MODULES = YES;
				CLANG_ENABLE_OBJC_ARC = YES;
				COPY_PHASE_STRIP = NO;
				DEBUG_INFORMATION_FORMAT = "dwarf-with-dsym";
				ENABLE_NS_ASSERTIONS = NO;
				ENABLE_STRICT_OBJC_MSGSEND = YES;
				GCC_WARN_ABOUT_RETURN_TYPE = YES_ERROR;
				GCC_WARN_UNINITIALIZED_AUTOS = YES_AGGRESSIVE;
				MACOSX_DEPLOYMENT_TARGET = 14.0;
				MTL_ENABLE_DEBUG_INFO = NO;
				SDKROOT = macosx;
				SWIFT_COMPILATION_MODE = wholemodule;
			};
			name = Release;
		};
		A8000006 /* Debug */ = {
			isa = XCBuildConfiguration;
			buildSettings = {
				ASSETCATALOG_COMPILER_APPICON_NAME = AppIcon;
				CODE_SIGN_ENTITLEMENTS = LaunchManager/LaunchManager.entitlements;
				CODE_SIGN_STYLE = Automatic;
				COMBINE_HIDPI_IMAGES = YES;
				CURRENT_PROJECT_VERSION = 1;
				DEVELOPMENT_TEAM = "";
				ENABLE_HARDENED_RUNTIME = YES;
				GENERATE_INFOPLIST_FILE = YES;
				INFOPLIST_KEY_LSApplicationCategoryType = "public.app-category.utilities";
				INFOPLIST_KEY_NSHumanReadableCopyright = "";
				LD_RUNPATH_SEARCH_PATHS = (
					"$(inherited)",
					"@executable_path/../Frameworks",
				);
				MARKETING_VERSION = 1.0;
				PRODUCT_BUNDLE_IDENTIFIER = com.launchmanager.app;
				PRODUCT_NAME = "$(TARGET_NAME)";
				SWIFT_EMIT_LOC_STRINGS = YES;
				SWIFT_VERSION = 5.0;
			};
			name = Debug;
		};
		A8000007 /* Release */ = {
			isa = XCBuildConfiguration;
			buildSettings = {
				ASSETCATALOG_COMPILER_APPICON_NAME = AppIcon;
				CODE_SIGN_ENTITLEMENTS = LaunchManager/LaunchManager.entitlements;
				CODE_SIGN_STYLE = Automatic;
				COMBINE_HIDPI_IMAGES = YES;
				CURRENT_PROJECT_VERSION = 1;
				DEVELOPMENT_TEAM = "";
				ENABLE_HARDENED_RUNTIME = YES;
				GENERATE_INFOPLIST_FILE = YES;
				INFOPLIST_KEY_LSApplicationCategoryType = "public.app-category.utilities";
				INFOPLIST_KEY_NSHumanReadableCopyright = "";
				LD_RUNPATH_SEARCH_PATHS = (
					"$(inherited)",
					"@executable_path/../Frameworks",
				);
				MARKETING_VERSION = 1.0;
				PRODUCT_BUNDLE_IDENTIFIER = com.launchmanager.app;
				PRODUCT_NAME = "$(TARGET_NAME)";
				SWIFT_EMIT_LOC_STRINGS = YES;
				SWIFT_VERSION = 5.0;
			};
			name = Release;
		};
/* End XCBuildConfiguration section */

/* Begin XCConfigurationList section */
		A8000001 /* Build configuration list for PBXProject "LaunchManager" */ = {
			isa = XCConfigurationList;
			buildConfigurations = (
				A8000004 /* Debug */,
				A8000005 /* Release */,
			);
			defaultConfigurationIsVisible = 0;
			defaultConfigurationName = Release;
		};
		A8000003 /* Build configuration list for PBXNativeTarget "LaunchManager" */ = {
			isa = XCConfigurationList;
			buildConfigurations = (
				A8000006 /* Debug */,
				A8000007 /* Release */,
			);
			defaultConfigurationIsVisible = 0;
			defaultConfigurationName = Release;
		};
/* End XCConfigurationList section */

	};
	rootObject = A9000001 /* Project object */;
}
